// !$*UTF8*$!
{
	archiveVersion = 1;
	classes = {
	};
	objectVersion = 50;
	objects = {

/* Begin PBXBuildFile section */
		351B8D4C2351892500B0EC82 /* AppDelegate.swift in Sources */ = {isa = PBXBuildFile; fileRef = 351B8D4B2351892500B0EC82 /* AppDelegate.swift */; };
		351B8D532351892600B0EC82 /* Assets.xcassets in Resources */ = {isa = PBXBuildFile; fileRef = 351B8D522351892600B0EC82 /* Assets.xcassets */; };
		351B8D562351892600B0EC82 /* LaunchScreen.storyboard in Resources */ = {isa = PBXBuildFile; fileRef = 351B8D542351892600B0EC82 /* LaunchScreen.storyboard */; };
		351B8D5F23518A0100B0EC82 /* LoginViewController.swift in Sources */ = {isa = PBXBuildFile; fileRef = 351B8D5D23518A0100B0EC82 /* LoginViewController.swift */; };
		351B8D6023518A0100B0EC82 /* LoginViewController.xib in Resources */ = {isa = PBXBuildFile; fileRef = 351B8D5E23518A0100B0EC82 /* LoginViewController.xib */; };
		351B8D6323518EEE00B0EC82 /* GoogleService-Info.plist in Resources */ = {isa = PBXBuildFile; fileRef = 351B8D6223518EEE00B0EC82 /* GoogleService-Info.plist */; };
		35EA711D2351CFC200199480 /* CoreLocation.framework in Frameworks */ = {isa = PBXBuildFile; fileRef = 35EA711C2351CFC200199480 /* CoreLocation.framework */; };
		35EA71202351DCB300199480 /* MainMapViewController.swift in Sources */ = {isa = PBXBuildFile; fileRef = 35EA711E2351DCB300199480 /* MainMapViewController.swift */; };
		35EA71212351DCB300199480 /* MainMapViewController.xib in Resources */ = {isa = PBXBuildFile; fileRef = 35EA711F2351DCB300199480 /* MainMapViewController.xib */; };
		35EA712423521AAF00199480 /* SignInViewController.swift in Sources */ = {isa = PBXBuildFile; fileRef = 35EA712223521AAF00199480 /* SignInViewController.swift */; };
		35EA712523521AAF00199480 /* SignInViewController.xib in Resources */ = {isa = PBXBuildFile; fileRef = 35EA712323521AAF00199480 /* SignInViewController.xib */; };
		35EA712823523C7000199480 /* HomeViewController.swift in Sources */ = {isa = PBXBuildFile; fileRef = 35EA712623523C6F00199480 /* HomeViewController.swift */; };
		35EA712923523C7000199480 /* HomeViewController.xib in Resources */ = {isa = PBXBuildFile; fileRef = 35EA712723523C6F00199480 /* HomeViewController.xib */; };
		35EA713323524EA700199480 /* ReasonsCollectionViewCell.swift in Sources */ = {isa = PBXBuildFile; fileRef = 35EA713123524EA700199480 /* ReasonsCollectionViewCell.swift */; };
		35EA713423524EA700199480 /* ReasonsCollectionViewCell.xib in Resources */ = {isa = PBXBuildFile; fileRef = 35EA713223524EA700199480 /* ReasonsCollectionViewCell.xib */; };
		35EA71372352599200199480 /* ProfileViewController.swift in Sources */ = {isa = PBXBuildFile; fileRef = 35EA71352352599200199480 /* ProfileViewController.swift */; };
		35EA71382352599200199480 /* ProfileViewController.xib in Resources */ = {isa = PBXBuildFile; fileRef = 35EA71362352599200199480 /* ProfileViewController.xib */; };
		35EA714223527C7800199480 /* InQueueViewController.swift in Sources */ = {isa = PBXBuildFile; fileRef = 35EA714023527C7800199480 /* InQueueViewController.swift */; };
		35EA714323527C7800199480 /* InQueueViewController.xib in Resources */ = {isa = PBXBuildFile; fileRef = 35EA714123527C7800199480 /* InQueueViewController.xib */; };
		35EA714D2352B33500199480 /* SentimentPopUpViewController.swift in Sources */ = {isa = PBXBuildFile; fileRef = 35EA714B2352B33500199480 /* SentimentPopUpViewController.swift */; };
		35EA714E2352B33500199480 /* SentimentPopUpViewController.xib in Resources */ = {isa = PBXBuildFile; fileRef = 35EA714C2352B33500199480 /* SentimentPopUpViewController.xib */; };
		35EA71512352E91300199480 /* SettingsViewController.swift in Sources */ = {isa = PBXBuildFile; fileRef = 35EA714F2352E91200199480 /* SettingsViewController.swift */; };
		35EA71522352E91300199480 /* SettingsViewController.xib in Resources */ = {isa = PBXBuildFile; fileRef = 35EA71502352E91200199480 /* SettingsViewController.xib */; };
		43338F239032D0A2243DDB7D /* Pods_instaMeet.framework in Frameworks */ = {isa = PBXBuildFile; fileRef = 6A6E0DDF24BD8B0396890F38 /* Pods_instaMeet.framework */; };
/* End PBXBuildFile section */

/* Begin PBXFileReference section */
		351B8D482351892500B0EC82 /* instaMeet.app */ = {isa = PBXFileReference; explicitFileType = wrapper.application; includeInIndex = 0; path = instaMeet.app; sourceTree = BUILT_PRODUCTS_DIR; };
		351B8D4B2351892500B0EC82 /* AppDelegate.swift */ = {isa = PBXFileReference; lastKnownFileType = sourcecode.swift; path = AppDelegate.swift; sourceTree = "<group>"; };
		351B8D522351892600B0EC82 /* Assets.xcassets */ = {isa = PBXFileReference; lastKnownFileType = folder.assetcatalog; path = Assets.xcassets; sourceTree = "<group>"; };
		351B8D552351892600B0EC82 /* Base */ = {isa = PBXFileReference; lastKnownFileType = file.storyboard; name = Base; path = Base.lproj/LaunchScreen.storyboard; sourceTree = "<group>"; };
		351B8D572351892600B0EC82 /* Info.plist */ = {isa = PBXFileReference; lastKnownFileType = text.plist.xml; path = Info.plist; sourceTree = "<group>"; };
		351B8D5D23518A0100B0EC82 /* LoginViewController.swift */ = {isa = PBXFileReference; lastKnownFileType = sourcecode.swift; path = LoginViewController.swift; sourceTree = "<group>"; };
		351B8D5E23518A0100B0EC82 /* LoginViewController.xib */ = {isa = PBXFileReference; lastKnownFileType = file.xib; path = LoginViewController.xib; sourceTree = "<group>"; };
		351B8D6223518EEE00B0EC82 /* GoogleService-Info.plist */ = {isa = PBXFileReference; fileEncoding = 4; lastKnownFileType = text.plist.xml; path = "GoogleService-Info.plist"; sourceTree = "<group>"; };
		35EA711C2351CFC200199480 /* CoreLocation.framework */ = {isa = PBXFileReference; lastKnownFileType = wrapper.framework; name = CoreLocation.framework; path = System/Library/Frameworks/CoreLocation.framework; sourceTree = SDKROOT; };
		35EA711E2351DCB300199480 /* MainMapViewController.swift */ = {isa = PBXFileReference; lastKnownFileType = sourcecode.swift; path = MainMapViewController.swift; sourceTree = "<group>"; };
		35EA711F2351DCB300199480 /* MainMapViewController.xib */ = {isa = PBXFileReference; lastKnownFileType = file.xib; path = MainMapViewController.xib; sourceTree = "<group>"; };
		35EA712223521AAF00199480 /* SignInViewController.swift */ = {isa = PBXFileReference; lastKnownFileType = sourcecode.swift; path = SignInViewController.swift; sourceTree = "<group>"; };
		35EA712323521AAF00199480 /* SignInViewController.xib */ = {isa = PBXFileReference; lastKnownFileType = file.xib; path = SignInViewController.xib; sourceTree = "<group>"; };
		35EA712623523C6F00199480 /* HomeViewController.swift */ = {isa = PBXFileReference; lastKnownFileType = sourcecode.swift; path = HomeViewController.swift; sourceTree = "<group>"; };
		35EA712723523C6F00199480 /* HomeViewController.xib */ = {isa = PBXFileReference; lastKnownFileType = file.xib; path = HomeViewController.xib; sourceTree = "<group>"; };
		35EA713123524EA700199480 /* ReasonsCollectionViewCell.swift */ = {isa = PBXFileReference; lastKnownFileType = sourcecode.swift; path = ReasonsCollectionViewCell.swift; sourceTree = "<group>"; };
		35EA713223524EA700199480 /* ReasonsCollectionViewCell.xib */ = {isa = PBXFileReference; lastKnownFileType = file.xib; path = ReasonsCollectionViewCell.xib; sourceTree = "<group>"; };
		35EA71352352599200199480 /* ProfileViewController.swift */ = {isa = PBXFileReference; lastKnownFileType = sourcecode.swift; path = ProfileViewController.swift; sourceTree = "<group>"; };
		35EA71362352599200199480 /* ProfileViewController.xib */ = {isa = PBXFileReference; lastKnownFileType = file.xib; path = ProfileViewController.xib; sourceTree = "<group>"; };
		35EA714023527C7800199480 /* InQueueViewController.swift */ = {isa = PBXFileReference; lastKnownFileType = sourcecode.swift; path = InQueueViewController.swift; sourceTree = "<group>"; };
		35EA714123527C7800199480 /* InQueueViewController.xib */ = {isa = PBXFileReference; lastKnownFileType = file.xib; path = InQueueViewController.xib; sourceTree = "<group>"; };
		35EA714B2352B33500199480 /* SentimentPopUpViewController.swift */ = {isa = PBXFileReference; lastKnownFileType = sourcecode.swift; path = SentimentPopUpViewController.swift; sourceTree = "<group>"; };
		35EA714C2352B33500199480 /* SentimentPopUpViewController.xib */ = {isa = PBXFileReference; lastKnownFileType = file.xib; path = SentimentPopUpViewController.xib; sourceTree = "<group>"; };
		35EA714F2352E91200199480 /* SettingsViewController.swift */ = {isa = PBXFileReference; lastKnownFileType = sourcecode.swift; path = SettingsViewController.swift; sourceTree = "<group>"; };
		35EA71502352E91200199480 /* SettingsViewController.xib */ = {isa = PBXFileReference; lastKnownFileType = file.xib; path = SettingsViewController.xib; sourceTree = "<group>"; };
		49EC8896289DA86BD66AE132 /* Pods-instaMeet.release.xcconfig */ = {isa = PBXFileReference; includeInIndex = 1; lastKnownFileType = text.xcconfig; name = "Pods-instaMeet.release.xcconfig"; path = "Target Support Files/Pods-instaMeet/Pods-instaMeet.release.xcconfig"; sourceTree = "<group>"; };
		6A6E0DDF24BD8B0396890F38 /* Pods_instaMeet.framework */ = {isa = PBXFileReference; explicitFileType = wrapper.framework; includeInIndex = 0; path = Pods_instaMeet.framework; sourceTree = BUILT_PRODUCTS_DIR; };
		ACE92BDAA85ACF748A1895F7 /* Pods-instaMeet.debug.xcconfig */ = {isa = PBXFileReference; includeInIndex = 1; lastKnownFileType = text.xcconfig; name = "Pods-instaMeet.debug.xcconfig"; path = "Target Support Files/Pods-instaMeet/Pods-instaMeet.debug.xcconfig"; sourceTree = "<group>"; };
/* End PBXFileReference section */

/* Begin PBXFrameworksBuildPhase section */
		351B8D452351892500B0EC82 /* Frameworks */ = {
			isa = PBXFrameworksBuildPhase;
			buildActionMask = 2147483647;
			files = (
				35EA711D2351CFC200199480 /* CoreLocation.framework in Frameworks */,
				43338F239032D0A2243DDB7D /* Pods_instaMeet.framework in Frameworks */,
			);
			runOnlyForDeploymentPostprocessing = 0;
		};
/* End PBXFrameworksBuildPhase section */

/* Begin PBXGroup section */
		0F6FE3A6C2FF21377BACC111 /* Pods */ = {
			isa = PBXGroup;
			children = (
				ACE92BDAA85ACF748A1895F7 /* Pods-instaMeet.debug.xcconfig */,
				49EC8896289DA86BD66AE132 /* Pods-instaMeet.release.xcconfig */,
			);
			path = Pods;
			sourceTree = "<group>";
		};
		351B8D3F2351892500B0EC82 = {
			isa = PBXGroup;
			children = (
				351B8D4A2351892500B0EC82 /* instaMeet */,
				351B8D492351892500B0EC82 /* Products */,
				0F6FE3A6C2FF21377BACC111 /* Pods */,
				A62F90DE798A80B3495D6CC8 /* Frameworks */,
			);
			sourceTree = "<group>";
		};
		351B8D492351892500B0EC82 /* Products */ = {
			isa = PBXGroup;
			children = (
				351B8D482351892500B0EC82 /* instaMeet.app */,
			);
			name = Products;
			sourceTree = "<group>";
		};
		351B8D4A2351892500B0EC82 /* instaMeet */ = {
			isa = PBXGroup;
			children = (
				351B8D4B2351892500B0EC82 /* AppDelegate.swift */,
				35EA712223521AAF00199480 /* SignInViewController.swift */,
				35EA711E2351DCB300199480 /* MainMapViewController.swift */,
				351B8D5D23518A0100B0EC82 /* LoginViewController.swift */,
				35EA712623523C6F00199480 /* HomeViewController.swift */,
				35EA714023527C7800199480 /* InQueueViewController.swift */,
				35EA714B2352B33500199480 /* SentimentPopUpViewController.swift */,
				35EA714C2352B33500199480 /* SentimentPopUpViewController.xib */,
				35EA714123527C7800199480 /* InQueueViewController.xib */,
				35EA713123524EA700199480 /* ReasonsCollectionViewCell.swift */,
				35EA71352352599200199480 /* ProfileViewController.swift */,
				351B8D6123518A0900B0EC82 /* xibs */,
				351B8D522351892600B0EC82 /* Assets.xcassets */,
				35EA714F2352E91200199480 /* SettingsViewController.swift */,
				35EA71502352E91200199480 /* SettingsViewController.xib */,
				351B8D542351892600B0EC82 /* LaunchScreen.storyboard */,
				351B8D6223518EEE00B0EC82 /* GoogleService-Info.plist */,
				351B8D572351892600B0EC82 /* Info.plist */,
			);
			path = instaMeet;
			sourceTree = "<group>";
		};
		351B8D6123518A0900B0EC82 /* xibs */ = {
			isa = PBXGroup;
			children = (
				35EA713223524EA700199480 /* ReasonsCollectionViewCell.xib */,
				35EA712323521AAF00199480 /* SignInViewController.xib */,
				35EA711F2351DCB300199480 /* MainMapViewController.xib */,
				351B8D5E23518A0100B0EC82 /* LoginViewController.xib */,
				35EA712723523C6F00199480 /* HomeViewController.xib */,
				35EA71362352599200199480 /* ProfileViewController.xib */,
			);
			path = xibs;
			sourceTree = "<group>";
		};
		A62F90DE798A80B3495D6CC8 /* Frameworks */ = {
			isa = PBXGroup;
			children = (
				35EA711C2351CFC200199480 /* CoreLocation.framework */,
				6A6E0DDF24BD8B0396890F38 /* Pods_instaMeet.framework */,
			);
			name = Frameworks;
			sourceTree = "<group>";
		};
/* End PBXGroup section */

/* Begin PBXNativeTarget section */
		351B8D472351892500B0EC82 /* instaMeet */ = {
			isa = PBXNativeTarget;
			buildConfigurationList = 351B8D5A2351892600B0EC82 /* Build configuration list for PBXNativeTarget "instaMeet" */;
			buildPhases = (
				604D634BE62F834B7573C954 /* [CP] Check Pods Manifest.lock */,
				351B8D442351892500B0EC82 /* Sources */,
				351B8D452351892500B0EC82 /* Frameworks */,
				351B8D462351892500B0EC82 /* Resources */,
				0C9DE8909D18071C0EB7019D /* [CP] Embed Pods Frameworks */,
				3AE9938DAC74DC82E70472B6 /* [CP] Copy Pods Resources */,
			);
			buildRules = (
			);
			dependencies = (
			);
			name = instaMeet;
			productName = instaMeet;
			productReference = 351B8D482351892500B0EC82 /* instaMeet.app */;
			productType = "com.apple.product-type.application";
		};
/* End PBXNativeTarget section */

/* Begin PBXProject section */
		351B8D402351892500B0EC82 /* Project object */ = {
			isa = PBXProject;
			attributes = {
				LastSwiftUpdateCheck = 1020;
				LastUpgradeCheck = 1020;
				ORGANIZATIONNAME = Siddharth;
				TargetAttributes = {
					351B8D472351892500B0EC82 = {
						CreatedOnToolsVersion = 10.2.1;
					};
				};
			};
			buildConfigurationList = 351B8D432351892500B0EC82 /* Build configuration list for PBXProject "instaMeet" */;
			compatibilityVersion = "Xcode 9.3";
			developmentRegion = en;
			hasScannedForEncodings = 0;
			knownRegions = (
				en,
				Base,
			);
			mainGroup = 351B8D3F2351892500B0EC82;
			productRefGroup = 351B8D492351892500B0EC82 /* Products */;
			projectDirPath = "";
			projectRoot = "";
			targets = (
				351B8D472351892500B0EC82 /* instaMeet */,
			);
		};
/* End PBXProject section */

/* Begin PBXResourcesBuildPhase section */
		351B8D462351892500B0EC82 /* Resources */ = {
			isa = PBXResourcesBuildPhase;
			buildActionMask = 2147483647;
			files = (
				35EA71382352599200199480 /* ProfileViewController.xib in Resources */,
				35EA713423524EA700199480 /* ReasonsCollectionViewCell.xib in Resources */,
				351B8D562351892600B0EC82 /* LaunchScreen.storyboard in Resources */,
				351B8D6323518EEE00B0EC82 /* GoogleService-Info.plist in Resources */,
				35EA71212351DCB300199480 /* MainMapViewController.xib in Resources */,
				35EA714E2352B33500199480 /* SentimentPopUpViewController.xib in Resources */,
				351B8D532351892600B0EC82 /* Assets.xcassets in Resources */,
				35EA71522352E91300199480 /* SettingsViewController.xib in Resources */,
				35EA712523521AAF00199480 /* SignInViewController.xib in Resources */,
				35EA712923523C7000199480 /* HomeViewController.xib in Resources */,
				351B8D6023518A0100B0EC82 /* LoginViewController.xib in Resources */,
				35EA714323527C7800199480 /* InQueueViewController.xib in Resources */,
			);
			runOnlyForDeploymentPostprocessing = 0;
		};
/* End PBXResourcesBuildPhase section */

/* Begin PBXShellScriptBuildPhase section */
		0C9DE8909D18071C0EB7019D /* [CP] Embed Pods Frameworks */ = {
			isa = PBXShellScriptBuildPhase;
			buildActionMask = 2147483647;
			files = (
			);
			inputFileListPaths = (
			);
			inputPaths = (
				"${PODS_ROOT}/Target Support Files/Pods-instaMeet/Pods-instaMeet-frameworks.sh",
				"${BUILT_PRODUCTS_DIR}/Alamofire/Alamofire.framework",
				"${BUILT_PRODUCTS_DIR}/BoringSSL-GRPC/openssl_grpc.framework",
				"${BUILT_PRODUCTS_DIR}/GTMSessionFetcher/GTMSessionFetcher.framework",
				"${BUILT_PRODUCTS_DIR}/GoogleUtilities/GoogleUtilities.framework",
				"${BUILT_PRODUCTS_DIR}/Onboard/Onboard.framework",
				"${BUILT_PRODUCTS_DIR}/Protobuf/Protobuf.framework",
				"${BUILT_PRODUCTS_DIR}/SkyFloatingLabelTextField/SkyFloatingLabelTextField.framework",
				"${BUILT_PRODUCTS_DIR}/SwiftChart/SwiftChart.framework",
				"${BUILT_PRODUCTS_DIR}/WSTagsField/WSTagsField.framework",
				"${BUILT_PRODUCTS_DIR}/gRPC-C++/grpcpp.framework",
				"${BUILT_PRODUCTS_DIR}/gRPC-Core/grpc.framework",
				"${BUILT_PRODUCTS_DIR}/leveldb-library/leveldb.framework",
				"${BUILT_PRODUCTS_DIR}/nanopb/nanopb.framework",
			);
			name = "[CP] Embed Pods Frameworks";
			outputFileListPaths = (
			);
			outputPaths = (
				"${TARGET_BUILD_DIR}/${FRAMEWORKS_FOLDER_PATH}/Alamofire.framework",
				"${TARGET_BUILD_DIR}/${FRAMEWORKS_FOLDER_PATH}/openssl_grpc.framework",
				"${TARGET_BUILD_DIR}/${FRAMEWORKS_FOLDER_PATH}/GTMSessionFetcher.framework",
				"${TARGET_BUILD_DIR}/${FRAMEWORKS_FOLDER_PATH}/GoogleUtilities.framework",
				"${TARGET_BUILD_DIR}/${FRAMEWORKS_FOLDER_PATH}/Onboard.framework",
				"${TARGET_BUILD_DIR}/${FRAMEWORKS_FOLDER_PATH}/Protobuf.framework",
				"${TARGET_BUILD_DIR}/${FRAMEWORKS_FOLDER_PATH}/SkyFloatingLabelTextField.framework",
				"${TARGET_BUILD_DIR}/${FRAMEWORKS_FOLDER_PATH}/SwiftChart.framework",
				"${TARGET_BUILD_DIR}/${FRAMEWORKS_FOLDER_PATH}/WSTagsField.framework",
				"${TARGET_BUILD_DIR}/${FRAMEWORKS_FOLDER_PATH}/grpcpp.framework",
				"${TARGET_BUILD_DIR}/${FRAMEWORKS_FOLDER_PATH}/grpc.framework",
				"${TARGET_BUILD_DIR}/${FRAMEWORKS_FOLDER_PATH}/leveldb.framework",
				"${TARGET_BUILD_DIR}/${FRAMEWORKS_FOLDER_PATH}/nanopb.framework",
			);
			runOnlyForDeploymentPostprocessing = 0;
			shellPath = /bin/sh;
			shellScript = "\"${PODS_ROOT}/Target Support Files/Pods-instaMeet/Pods-instaMeet-frameworks.sh\"\n";
			showEnvVarsInLog = 0;
		};
		3AE9938DAC74DC82E70472B6 /* [CP] Copy Pods Resources */ = {
			isa = PBXShellScriptBuildPhase;
			buildActionMask = 2147483647;
			files = (
			);
			inputFileListPaths = (
			);
			inputPaths = (
				"${PODS_ROOT}/Target Support Files/Pods-instaMeet/Pods-instaMeet-resources.sh",
				"${PODS_ROOT}/GoogleMaps/Maps/Frameworks/GoogleMaps.framework/Resources/GoogleMaps.bundle",
				"${PODS_ROOT}/GooglePlaces/Frameworks/GooglePlaces.framework/Resources/GooglePlaces.bundle",
			);
			name = "[CP] Copy Pods Resources";
			outputFileListPaths = (
			);
			outputPaths = (
				"${TARGET_BUILD_DIR}/${UNLOCALIZED_RESOURCES_FOLDER_PATH}/GoogleMaps.bundle",
				"${TARGET_BUILD_DIR}/${UNLOCALIZED_RESOURCES_FOLDER_PATH}/GooglePlaces.bundle",
			);
			runOnlyForDeploymentPostprocessing = 0;
			shellPath = /bin/sh;
			shellScript = "\"${PODS_ROOT}/Target Support Files/Pods-instaMeet/Pods-instaMeet-resources.sh\"\n";
			showEnvVarsInLog = 0;
		};
		604D634BE62F834B7573C954 /* [CP] Check Pods Manifest.lock */ = {
			isa = PBXShellScriptBuildPhase;
			buildActionMask = 2147483647;
			files = (
			);
			inputFileListPaths = (
			);
			inputPaths = (
				"${PODS_PODFILE_DIR_PATH}/Podfile.lock",
				"${PODS_ROOT}/Manifest.lock",
			);
			name = "[CP] Check Pods Manifest.lock";
			outputFileListPaths = (
			);
			outputPaths = (
				"$(DERIVED_FILE_DIR)/Pods-instaMeet-checkManifestLockResult.txt",
			);
			runOnlyForDeploymentPostprocessing = 0;
			shellPath = /bin/sh;
			shellScript = "diff \"${PODS_PODFILE_DIR_PATH}/Podfile.lock\" \"${PODS_ROOT}/Manifest.lock\" > /dev/null\nif [ $? != 0 ] ; then\n    # print error to STDERR\n    echo \"error: The sandbox is not in sync with the Podfile.lock. Run 'pod install' or update your CocoaPods installation.\" >&2\n    exit 1\nfi\n# This output is used by Xcode 'outputs' to avoid re-running this script phase.\necho \"SUCCESS\" > \"${SCRIPT_OUTPUT_FILE_0}\"\n";
			showEnvVarsInLog = 0;
		};
/* End PBXShellScriptBuildPhase section */

/* Begin PBXSourcesBuildPhase section */
		351B8D442351892500B0EC82 /* Sources */ = {
			isa = PBXSourcesBuildPhase;
			buildActionMask = 2147483647;
			files = (
				35EA712823523C7000199480 /* HomeViewController.swift in Sources */,
				35EA714D2352B33500199480 /* SentimentPopUpViewController.swift in Sources */,
				35EA714223527C7800199480 /* InQueueViewController.swift in Sources */,
				35EA71512352E91300199480 /* SettingsViewController.swift in Sources */,
				35EA712423521AAF00199480 /* SignInViewController.swift in Sources */,
				35EA71202351DCB300199480 /* MainMapViewController.swift in Sources */,
				351B8D5F23518A0100B0EC82 /* LoginViewController.swift in Sources */,
				35EA71372352599200199480 /* ProfileViewController.swift in Sources */,
				35EA713323524EA700199480 /* ReasonsCollectionViewCell.swift in Sources */,
				351B8D4C2351892500B0EC82 /* AppDelegate.swift in Sources */,
			);
			runOnlyForDeploymentPostprocessing = 0;
		};
/* End PBXSourcesBuildPhase section */

/* Begin PBXVariantGroup section */
		351B8D542351892600B0EC82 /* LaunchScreen.storyboard */ = {
			isa = PBXVariantGroup;
			children = (
				351B8D552351892600B0EC82 /* Base */,
			);
			name = LaunchScreen.storyboard;
			sourceTree = "<group>";
		};
/* End PBXVariantGroup section */

/* Begin XCBuildConfiguration section */
		351B8D582351892600B0EC82 /* Debug */ = {
			isa = XCBuildConfiguration;
			buildSettings = {
				ALWAYS_SEARCH_USER_PATHS = NO;
				CLANG_ANALYZER_NONNULL = YES;
				CLANG_ANALYZER_NUMBER_OBJECT_CONVERSION = YES_AGGRESSIVE;
				CLANG_CXX_LANGUAGE_STANDARD = "gnu++14";
				CLANG_CXX_LIBRARY = "libc++";
				CLANG_ENABLE_MODULES = YES;
				CLANG_ENABLE_OBJC_ARC = YES;
				CLANG_ENABLE_OBJC_WEAK = YES;
				CLANG_WARN_BLOCK_CAPTURE_AUTORELEASING = YES;
				CLANG_WARN_BOOL_CONVERSION = YES;
				CLANG_WARN_COMMA = YES;
				CLANG_WARN_CONSTANT_CONVERSION = YES;
				CLANG_WARN_DEPRECATED_OBJC_IMPLEMENTATIONS = YES;
				CLANG_WARN_DIRECT_OBJC_ISA_USAGE = YES_ERROR;
				CLANG_WARN_DOCUMENTATION_COMMENTS = YES;
				CLANG_WARN_EMPTY_BODY = YES;
				CLANG_WARN_ENUM_CONVERSION = YES;
				CLANG_WARN_INFINITE_RECURSION = YES;
				CLANG_WARN_INT_CONVERSION = YES;
				CLANG_WARN_NON_LITERAL_NULL_CONVERSION = YES;
				CLANG_WARN_OBJC_IMPLICIT_RETAIN_SELF = YES;
				CLANG_WARN_OBJC_LITERAL_CONVERSION = YES;
				CLANG_WARN_OBJC_ROOT_CLASS = YES_ERROR;
				CLANG_WARN_RANGE_LOOP_ANALYSIS = YES;
				CLANG_WARN_STRICT_PROTOTYPES = YES;
				CLANG_WARN_SUSPICIOUS_MOVE = YES;
				CLANG_WARN_UNGUARDED_AVAILABILITY = YES_AGGRESSIVE;
				CLANG_WARN_UNREACHABLE_CODE = YES;
				CLANG_WARN__DUPLICATE_METHOD_MATCH = YES;
				CODE_SIGN_IDENTITY = "iPhone Developer";
				COPY_PHASE_STRIP = NO;
				DEBUG_INFORMATION_FORMAT = dwarf;
				ENABLE_STRICT_OBJC_MSGSEND = YES;
				ENABLE_TESTABILITY = YES;
				GCC_C_LANGUAGE_STANDARD = gnu11;
				GCC_DYNAMIC_NO_PIC = NO;
				GCC_NO_COMMON_BLOCKS = YES;
				GCC_OPTIMIZATION_LEVEL = 0;
				GCC_PREPROCESSOR_DEFINITIONS = (
					"DEBUG=1",
					"$(inherited)",
				);
				GCC_WARN_64_TO_32_BIT_CONVERSION = YES;
				GCC_WARN_ABOUT_RETURN_TYPE = YES_ERROR;
				GCC_WARN_UNDECLARED_SELECTOR = YES;
				GCC_WARN_UNINITIALIZED_AUTOS = YES_AGGRESSIVE;
				GCC_WARN_UNUSED_FUNCTION = YES;
				GCC_WARN_UNUSED_VARIABLE = YES;
				IPHONEOS_DEPLOYMENT_TARGET = 12.2;
				MTL_ENABLE_DEBUG_INFO = INCLUDE_SOURCE;
				MTL_FAST_MATH = YES;
				ONLY_ACTIVE_ARCH = YES;
				SDKROOT = iphoneos;
				SWIFT_ACTIVE_COMPILATION_CONDITIONS = DEBUG;
				SWIFT_OPTIMIZATION_LEVEL = "-Onone";
			};
			name = Debug;
		};
		351B8D592351892600B0EC82 /* Release */ = {
			isa = XCBuildConfiguration;
			buildSettings = {
				ALWAYS_SEARCH_USER_PATHS = NO;
				CLANG_ANALYZER_NONNULL = YES;
				CLANG_ANALYZER_NUMBER_OBJECT_CONVERSION = YES_AGGRESSIVE;
				CLANG_CXX_LANGUAGE_STANDARD = "gnu++14";
				CLANG_CXX_LIBRARY = "libc++";
				CLANG_ENABLE_MODULES = YES;
				CLANG_ENABLE_OBJC_ARC = YES;
				CLANG_ENABLE_OBJC_WEAK = YES;
				CLANG_WARN_BLOCK_CAPTURE_AUTORELEASING = YES;
				CLANG_WARN_BOOL_CONVERSION = YES;
				CLANG_WARN_COMMA = YES;
				CLANG_WARN_CONSTANT_CONVERSION = YES;
				CLANG_WARN_DEPRECATED_OBJC_IMPLEMENTATIONS = YES;
				CLANG_WARN_DIRECT_OBJC_ISA_USAGE = YES_ERROR;
				CLANG_WARN_DOCUMENTATION_COMMENTS = YES;
				CLANG_WARN_EMPTY_BODY = YES;
				CLANG_WARN_ENUM_CONVERSION = YES;
				CLANG_WARN_INFINITE_RECURSION = YES;
				CLANG_WARN_INT_CONVERSION = YES;
				CLANG_WARN_NON_LITERAL_NULL_CONVERSION = YES;
				CLANG_WARN_OBJC_IMPLICIT_RETAIN_SELF = YES;
				CLANG_WARN_OBJC_LITERAL_CONVERSION = YES;
				CLANG_WARN_OBJC_ROOT_CLASS = YES_ERROR;
				CLANG_WARN_RANGE_LOOP_ANALYSIS = YES;
				CLANG_WARN_STRICT_PROTOTYPES = YES;
				CLANG_WARN_SUSPICIOUS_MOVE = YES;
				CLANG_WARN_UNGUARDED_AVAILABILITY = YES_AGGRESSIVE;
				CLANG_WARN_UNREACHABLE_CODE = YES;
				CLANG_WARN__DUPLICATE_METHOD_MATCH = YES;
				CODE_SIGN_IDENTITY = "iPhone Developer";
				COPY_PHASE_STRIP = NO;
				DEBUG_INFORMATION_FORMAT = "dwarf-with-dsym";
				ENABLE_NS_ASSERTIONS = NO;
				ENABLE_STRICT_OBJC_MSGSEND = YES;
				GCC_C_LANGUAGE_STANDARD = gnu11;
				GCC_NO_COMMON_BLOCKS = YES;
				GCC_WARN_64_TO_32_BIT_CONVERSION = YES;
				GCC_WARN_ABOUT_RETURN_TYPE = YES_ERROR;
				GCC_WARN_UNDECLARED_SELECTOR = YES;
				GCC_WARN_UNINITIALIZED_AUTOS = YES_AGGRESSIVE;
				GCC_WARN_UNUSED_FUNCTION = YES;
				GCC_WARN_UNUSED_VARIABLE = YES;
				IPHONEOS_DEPLOYMENT_TARGET = 12.2;
				MTL_ENABLE_DEBUG_INFO = NO;
				MTL_FAST_MATH = YES;
				SDKROOT = iphoneos;
				SWIFT_COMPILATION_MODE = wholemodule;
				SWIFT_OPTIMIZATION_LEVEL = "-O";
				VALIDATE_PRODUCT = YES;
			};
			name = Release;
		};
		351B8D5B2351892600B0EC82 /* Debug */ = {
			isa = XCBuildConfiguration;
			baseConfigurationReference = ACE92BDAA85ACF748A1895F7 /* Pods-instaMeet.debug.xcconfig */;
			buildSettings = {
				ASSETCATALOG_COMPILER_APPICON_NAME = AppIcon;
				CODE_SIGN_STYLE = Automatic;
				DEVELOPMENT_TEAM = 8DJK64U982;
				INFOPLIST_FILE = instaMeet/Info.plist;
				LD_RUNPATH_SEARCH_PATHS = (
					"$(inherited)",
					"@executable_path/Frameworks",
				);
				PRODUCT_BUNDLE_IDENTIFIER = mHacks2019.instaMeet;
				PRODUCT_NAME = "$(TARGET_NAME)";
				SWIFT_VERSION = 5.0;
				TARGETED_DEVICE_FAMILY = "1,2";
			};
			name = Debug;
		};
		351B8D5C2351892600B0EC82 /* Release */ = {
			isa = XCBuildConfiguration;
			baseConfigurationReference = 49EC8896289DA86BD66AE132 /* Pods-instaMeet.release.xcconfig */;
			buildSettings = {
				ASSETCATALOG_COMPILER_APPICON_NAME = AppIcon;
				CODE_SIGN_STYLE = Automatic;
				DEVELOPMENT_TEAM = 8DJK64U982;
				INFOPLIST_FILE = instaMeet/Info.plist;
				LD_RUNPATH_SEARCH_PATHS = (
					"$(inherited)",
					"@executable_path/Frameworks",
				);
				PRODUCT_BUNDLE_IDENTIFIER = mHacks2019.instaMeet;
				PRODUCT_NAME = "$(TARGET_NAME)";
				SWIFT_VERSION = 5.0;
				TARGETED_DEVICE_FAMILY = "1,2";
			};
			name = Release;
		};
/* End XCBuildConfiguration section */

/* Begin XCConfigurationList section */
		351B8D432351892500B0EC82 /* Build configuration list for PBXProject "instaMeet" */ = {
			isa = XCConfigurationList;
			buildConfigurations = (
				351B8D582351892600B0EC82 /* Debug */,
				351B8D592351892600B0EC82 /* Release */,
			);
			defaultConfigurationIsVisible = 0;
			defaultConfigurationName = Release;
		};
		351B8D5A2351892600B0EC82 /* Build configuration list for PBXNativeTarget "instaMeet" */ = {
			isa = XCConfigurationList;
			buildConfigurations = (
				351B8D5B2351892600B0EC82 /* Debug */,
				351B8D5C2351892600B0EC82 /* Release */,
			);
			defaultConfigurationIsVisible = 0;
			defaultConfigurationName = Release;
		};
/* End XCConfigurationList section */
	};
	rootObject = 351B8D402351892500B0EC82 /* Project object */;
}
